{
  "name": "wx_music",
  "version": "1.0.0",
  "lockfileVersion": 1,
  "requires": true,
  "dependencies": {
    "vconsole": {
      "version": "3.3.4",
      "resolved": "https://registry.npmjs.org/vconsole/-/vconsole-3.3.4.tgz",
      "integrity": "sha512-9yihsic96NPoMLQx/lCQwH9d89H0bbMW3LZPzo/t4yGQcS1X+vTCe9OHm1XSH7WNxzGDmcSwBiKLsFGwvJpQBg=="
    },
    "weui-miniprogram": {
      "version": "0.3.0",
      "resolved": "https://registry.npm.taobao.org/weui-miniprogram/download/weui-miniprogram-0.3.0.tgz",
      "integrity": "sha512-gRMkhkrLtkFMF9j9cN9AZrJ0F9kVaIupnRGSEFtZuGM+zZtSG76SblCuJ9jEaclfBykYPTUzBI1PssqUXrxShA=="
    }
  }
}
